github.com/barkimedes/go-deepcopy v0.0.0-20220514131651-17c30cfc62df h1:GSoSVRLoBaFpOOds6QyY1L8AX7uoY+Ln3BHc22W40X0=
github.com/barkimedes/go-deepcopy v0.0.0-20220514131651-17c30cfc62df/go.mod h1:hiVxq5OP2bUGBRNS3Z/bt/reCLFNbdcST6gISi1fiOM=
github.com/kalo-build/clone v0.0.0-20250329082958-41db0353412f h1:R504QVH8R/49EAkHNLnru3P0tlrKsIWeicC2S0RBW9k=
github.com/kalo-build/clone v0.0.0-20250329082958-41db0353412f/go.mod h1:mrEbrIr3UerZqKbz6hBrYRVaIBt65WQqlAi2eIQD2Ao=
